
Microsoft Visual Studio Solution File, Format Version 12.00
# Visual Studio 2013
VisualStudioVersion = 12.0.21005.1
MinimumVisualStudioVersion = 10.0.40219.1
Project("{FAE04EC0-301F-11D3-BF4B-00C04F79EFBC}") = "TestExerciser", "TestExerciser\TestExerciser.csproj", "{BD2A0891-5F26-4F6E-AFAD-336C456D047A}"
EndProject
Project("{FAE04EC0-301F-11D3-BF4B-00C04F79EFBC}") = "TestExerciser.Editor", "TestExerciser.Editor\TestExerciser.Editor.csproj", "{6DD14A85-CCFC-4774-BD26-0F5772512319}"
EndProject
Project("{FAE04EC0-301F-11D3-BF4B-00C04F79EFBC}") = "TestExerciser.Diary", "TestExerciser.Diary\TestExerciser.Diary.csproj", "{771BB6C4-9E85-448D-B038-56567E087A3A}"
EndProject
Project("{FAE04EC0-301F-11D3-BF4B-00C04F79EFBC}") = "TestExerciser.Diary.Logic", "TestExerciser.Diary.Logic\TestExerciser.Diary.Logic.csproj", "{189FF1B0-A860-4A3E-A5DE-1A3B00BF3775}"
EndProject
Project("{FAE04EC0-301F-11D3-BF4B-00C04F79EFBC}") = "TestExerciser.Diary.Common", "TestExerciser.Diary.Common\TestExerciser.Diary.Common.csproj", "{C01AAAB2-D083-4461-8EE3-69047C7F5875}"
EndProject
Global
	GlobalSection(SolutionConfigurationPlatforms) = preSolution
		Debug|Any CPU = Debug|Any CPU
		Debug|Mixed Platforms = Debug|Mixed Platforms
		Debug|x86 = Debug|x86
		Release|Any CPU = Release|Any CPU
		Release|Mixed Platforms = Release|Mixed Platforms
		Release|x86 = Release|x86
	EndGlobalSection
	GlobalSection(ProjectConfigurationPlatforms) = postSolution
		{BD2A0891-5F26-4F6E-AFAD-336C456D047A}.Debug|Any CPU.ActiveCfg = Debug|Any CPU
		{BD2A0891-5F26-4F6E-AFAD-336C456D047A}.Debug|Any CPU.Build.0 = Debug|Any CPU
		{BD2A0891-5F26-4F6E-AFAD-336C456D047A}.Debug|Mixed Platforms.ActiveCfg = Debug|Any CPU
		{BD2A0891-5F26-4F6E-AFAD-336C456D047A}.Debug|Mixed Platforms.Build.0 = Debug|Any CPU
		{BD2A0891-5F26-4F6E-AFAD-336C456D047A}.Debug|x86.ActiveCfg = Debug|Any CPU
		{BD2A0891-5F26-4F6E-AFAD-336C456D047A}.Release|Any CPU.ActiveCfg = Release|Any CPU
		{BD2A0891-5F26-4F6E-AFAD-336C456D047A}.Release|Any CPU.Build.0 = Release|Any CPU
		{BD2A0891-5F26-4F6E-AFAD-336C456D047A}.Release|Mixed Platforms.ActiveCfg = Release|Any CPU
		{BD2A0891-5F26-4F6E-AFAD-336C456D047A}.Release|Mixed Platforms.Build.0 = Release|Any CPU
		{BD2A0891-5F26-4F6E-AFAD-336C456D047A}.Release|x86.ActiveCfg = Release|Any CPU
		{6DD14A85-CCFC-4774-BD26-0F5772512319}.Debug|Any CPU.ActiveCfg = Debug|Any CPU
		{6DD14A85-CCFC-4774-BD26-0F5772512319}.Debug|Any CPU.Build.0 = Debug|Any CPU
		{6DD14A85-CCFC-4774-BD26-0F5772512319}.Debug|Mixed Platforms.ActiveCfg = Debug|Any CPU
		{6DD14A85-CCFC-4774-BD26-0F5772512319}.Debug|Mixed Platforms.Build.0 = Debug|Any CPU
		{6DD14A85-CCFC-4774-BD26-0F5772512319}.Debug|x86.ActiveCfg = Debug|Any CPU
		{6DD14A85-CCFC-4774-BD26-0F5772512319}.Release|Any CPU.ActiveCfg = Release|Any CPU
		{6DD14A85-CCFC-4774-BD26-0F5772512319}.Release|Any CPU.Build.0 = Release|Any CPU
		{6DD14A85-CCFC-4774-BD26-0F5772512319}.Release|Mixed Platforms.ActiveCfg = Release|Any CPU
		{6DD14A85-CCFC-4774-BD26-0F5772512319}.Release|Mixed Platforms.Build.0 = Release|Any CPU
		{6DD14A85-CCFC-4774-BD26-0F5772512319}.Release|x86.ActiveCfg = Release|Any CPU
		{771BB6C4-9E85-448D-B038-56567E087A3A}.Debug|Any CPU.ActiveCfg = Debug|Any CPU
		{771BB6C4-9E85-448D-B038-56567E087A3A}.Debug|Any CPU.Build.0 = Debug|Any CPU
		{771BB6C4-9E85-448D-B038-56567E087A3A}.Debug|Mixed Platforms.ActiveCfg = Debug|Any CPU
		{771BB6C4-9E85-448D-B038-56567E087A3A}.Debug|Mixed Platforms.Build.0 = Debug|Any CPU
		{771BB6C4-9E85-448D-B038-56567E087A3A}.Debug|x86.ActiveCfg = Debug|Any CPU
		{771BB6C4-9E85-448D-B038-56567E087A3A}.Release|Any CPU.ActiveCfg = Release|Any CPU
		{771BB6C4-9E85-448D-B038-56567E087A3A}.Release|Any CPU.Build.0 = Release|Any CPU
		{771BB6C4-9E85-448D-B038-56567E087A3A}.Release|Mixed Platforms.ActiveCfg = Release|Any CPU
		{771BB6C4-9E85-448D-B038-56567E087A3A}.Release|Mixed Platforms.Build.0 = Release|Any CPU
		{771BB6C4-9E85-448D-B038-56567E087A3A}.Release|x86.ActiveCfg = Release|Any CPU
		{189FF1B0-A860-4A3E-A5DE-1A3B00BF3775}.Debug|Any CPU.ActiveCfg = Debug|Any CPU
		{189FF1B0-A860-4A3E-A5DE-1A3B00BF3775}.Debug|Any CPU.Build.0 = Debug|Any CPU
		{189FF1B0-A860-4A3E-A5DE-1A3B00BF3775}.Debug|Mixed Platforms.ActiveCfg = Debug|Any CPU
		{189FF1B0-A860-4A3E-A5DE-1A3B00BF3775}.Debug|Mixed Platforms.Build.0 = Debug|Any CPU
		{189FF1B0-A860-4A3E-A5DE-1A3B00BF3775}.Debug|x86.ActiveCfg = Debug|Any CPU
		{189FF1B0-A860-4A3E-A5DE-1A3B00BF3775}.Release|Any CPU.ActiveCfg = Release|Any CPU
		{189FF1B0-A860-4A3E-A5DE-1A3B00BF3775}.Release|Any CPU.Build.0 = Release|Any CPU
		{189FF1B0-A860-4A3E-A5DE-1A3B00BF3775}.Release|Mixed Platforms.ActiveCfg = Release|Any CPU
		{189FF1B0-A860-4A3E-A5DE-1A3B00BF3775}.Release|Mixed Platforms.Build.0 = Release|Any CPU
		{189FF1B0-A860-4A3E-A5DE-1A3B00BF3775}.Release|x86.ActiveCfg = Release|Any CPU
		{C01AAAB2-D083-4461-8EE3-69047C7F5875}.Debug|Any CPU.ActiveCfg = Debug|Any CPU
		{C01AAAB2-D083-4461-8EE3-69047C7F5875}.Debug|Any CPU.Build.0 = Debug|Any CPU
		{C01AAAB2-D083-4461-8EE3-69047C7F5875}.Debug|Mixed Platforms.ActiveCfg = Debug|Any CPU
		{C01AAAB2-D083-4461-8EE3-69047C7F5875}.Debug|Mixed Platforms.Build.0 = Debug|Any CPU
		{C01AAAB2-D083-4461-8EE3-69047C7F5875}.Debug|x86.ActiveCfg = Debug|Any CPU
		{C01AAAB2-D083-4461-8EE3-69047C7F5875}.Release|Any CPU.ActiveCfg = Release|Any CPU
		{C01AAAB2-D083-4461-8EE3-69047C7F5875}.Release|Any CPU.Build.0 = Release|Any CPU
		{C01AAAB2-D083-4461-8EE3-69047C7F5875}.Release|Mixed Platforms.ActiveCfg = Release|Any CPU
		{C01AAAB2-D083-4461-8EE3-69047C7F5875}.Release|Mixed Platforms.Build.0 = Release|Any CPU
		{C01AAAB2-D083-4461-8EE3-69047C7F5875}.Release|x86.ActiveCfg = Release|Any CPU
	EndGlobalSection
	GlobalSection(SolutionProperties) = preSolution
		HideSolutionNode = FALSE
	EndGlobalSection
EndGlobal
